PODS:
  - Alamofire (4.5.1)
  - Cartography (2.1.0)
  - Crashlytics (3.9.0):
    - Fabric (~> 1.7.0)
  - Fabric (1.7.0)
  - ModelMapper (7.2.0)
  - SVProgressHUD (2.2.2)

DEPENDENCIES:
  - Alamofire (~> 4.5.0)
  - Cartography (~> 2.1.0)
  - Crashlytics (~> 3.9.0)
  - ModelMapper (~> 7.2.0)
  - SVProgressHUD (~> 2.2.2)

SPEC CHECKSUMS:
  Alamofire: 2d95912bf4c34f164fdfc335872e8c312acaea4a
  Cartography: 19c2223a8dfed35d82b098d365213b7ceb25ab2b
  Crashlytics: 64aad5dd97249dd3ff94b979fea140144590cdd3
  Fabric: e6be012366472553807dada21243c5ab8d904151
  ModelMapper: bef729f9c7095cadffc3c2ef9432fc5e21d8fc60
  SVProgressHUD: 59b2d3dabacbd051576d21d32293ca7228dc18b0

PODFILE CHECKSUM: 6feb8d70d4bfd354d09c2d19c58974eb5bc9f40d

COCOAPODS: 1.3.1
